// !$*UTF8*$!
{
	archiveVersion = 1;
	classes = {
	};
	objectVersion = 55;
	objects = {

/* Begin PBXBuildFile section */
		E52D4B4827C920DA00517F96 /* Swinject in Frameworks */ = {isa = PBXBuildFile; productRef = E52D4B4727C920DA00517F96 /* Swinject */; };
		E52D4B4A27C9210500517F96 /* ServiceLocator.swift in Sources */ = {isa = PBXBuildFile; fileRef = E52D4B4927C9210500517F96 /* ServiceLocator.swift */; };
		E52D4B4C27C9214F00517F96 /* PostsViewModel.swift in Sources */ = {isa = PBXBuildFile; fileRef = E52D4B4B27C9214F00517F96 /* PostsViewModel.swift */; };
		E545749627C81E4600A5AE9D /* AppDelegate.swift in Sources */ = {isa = PBXBuildFile; fileRef = E545749527C81E4600A5AE9D /* AppDelegate.swift */; };
		E545749827C81E4600A5AE9D /* SceneDelegate.swift in Sources */ = {isa = PBXBuildFile; fileRef = E545749727C81E4600A5AE9D /* SceneDelegate.swift */; };
		E54574A027C81E4600A5AE9D /* PostFeed.xcdatamodeld in Sources */ = {isa = PBXBuildFile; fileRef = E545749E27C81E4600A5AE9D /* PostFeed.xcdatamodeld */; };
		E54574A227C81E4700A5AE9D /* Assets.xcassets in Resources */ = {isa = PBXBuildFile; fileRef = E54574A127C81E4700A5AE9D /* Assets.xcassets */; };
		E54574A527C81E4700A5AE9D /* LaunchScreen.storyboard in Resources */ = {isa = PBXBuildFile; fileRef = E54574A327C81E4700A5AE9D /* LaunchScreen.storyboard */; };
		E54574B027C81E4700A5AE9D /* PostFeedTests.swift in Sources */ = {isa = PBXBuildFile; fileRef = E54574AF27C81E4700A5AE9D /* PostFeedTests.swift */; };
		E54574BA27C81E4700A5AE9D /* PostFeedUITests.swift in Sources */ = {isa = PBXBuildFile; fileRef = E54574B927C81E4700A5AE9D /* PostFeedUITests.swift */; };
		E54574BC27C81E4700A5AE9D /* PostFeedUITestsLaunchTests.swift in Sources */ = {isa = PBXBuildFile; fileRef = E54574BB27C81E4700A5AE9D /* PostFeedUITestsLaunchTests.swift */; };
		E54574CF27C81F0300A5AE9D /* Builder.swift in Sources */ = {isa = PBXBuildFile; fileRef = E54574CE27C81F0300A5AE9D /* Builder.swift */; };
		E54574D127C81F1A00A5AE9D /* Box.swift in Sources */ = {isa = PBXBuildFile; fileRef = E54574D027C81F1A00A5AE9D /* Box.swift */; };
		E54574D327C81F4200A5AE9D /* CustomViewController.swift in Sources */ = {isa = PBXBuildFile; fileRef = E54574D227C81F4200A5AE9D /* CustomViewController.swift */; };
		E54574D627C81F8000A5AE9D /* String+Extensions.swift in Sources */ = {isa = PBXBuildFile; fileRef = E54574D527C81F8000A5AE9D /* String+Extensions.swift */; };
		E54574D827C81FA000A5AE9D /* UIView+Extensions.swift in Sources */ = {isa = PBXBuildFile; fileRef = E54574D727C81FA000A5AE9D /* UIView+Extensions.swift */; };
		E54574DA27C8202D00A5AE9D /* Constants.swift in Sources */ = {isa = PBXBuildFile; fileRef = E54574D927C8202D00A5AE9D /* Constants.swift */; };
		E54574DC27C82E9B00A5AE9D /* ApiClient.swift in Sources */ = {isa = PBXBuildFile; fileRef = E54574DB27C82E9B00A5AE9D /* ApiClient.swift */; };
		E54574DE27C8337B00A5AE9D /* User.swift in Sources */ = {isa = PBXBuildFile; fileRef = E54574DD27C8337B00A5AE9D /* User.swift */; };
		E54574E027C8345C00A5AE9D /* Post.swift in Sources */ = {isa = PBXBuildFile; fileRef = E54574DF27C8345C00A5AE9D /* Post.swift */; };
		E54574E227C8349800A5AE9D /* Comment.swift in Sources */ = {isa = PBXBuildFile; fileRef = E54574E127C8349800A5AE9D /* Comment.swift */; };
		E54574EA27C83B1500A5AE9D /* UsersRepository.swift in Sources */ = {isa = PBXBuildFile; fileRef = E54574E927C83B1500A5AE9D /* UsersRepository.swift */; };
		E54574EC27C83C9F00A5AE9D /* PostsRepository.swift in Sources */ = {isa = PBXBuildFile; fileRef = E54574EB27C83C9F00A5AE9D /* PostsRepository.swift */; };
		E54574F027C841A000A5AE9D /* PostsViewController.swift in Sources */ = {isa = PBXBuildFile; fileRef = E54574EF27C841A000A5AE9D /* PostsViewController.swift */; };
		E54574F227C841B000A5AE9D /* PostsViewController.xib in Resources */ = {isa = PBXBuildFile; fileRef = E54574F127C841B000A5AE9D /* PostsViewController.xib */; };
		E5DE4B0B27CA7D1B0060D9BA /* UsersDataManager.swift in Sources */ = {isa = PBXBuildFile; fileRef = E5DE4B0A27CA7D1B0060D9BA /* UsersDataManager.swift */; };
		E5DE4B0D27CA7DB30060D9BA /* LocalUsersRepository.swift in Sources */ = {isa = PBXBuildFile; fileRef = E5DE4B0C27CA7DB30060D9BA /* LocalUsersRepository.swift */; };
		E5DE4B0F27CA7DDD0060D9BA /* NetworkUsersRepository.swift in Sources */ = {isa = PBXBuildFile; fileRef = E5DE4B0E27CA7DDD0060D9BA /* NetworkUsersRepository.swift */; };
		E5DE4B1127CA80370060D9BA /* NetworkPostsRepository.swift in Sources */ = {isa = PBXBuildFile; fileRef = E5DE4B1027CA80370060D9BA /* NetworkPostsRepository.swift */; };
		E5DE4B1327CA81A00060D9BA /* LocalPostsRepository.swift in Sources */ = {isa = PBXBuildFile; fileRef = E5DE4B1227CA81A00060D9BA /* LocalPostsRepository.swift */; };
		E5DE4B1527CA84DF0060D9BA /* PostsDataManager.swift in Sources */ = {isa = PBXBuildFile; fileRef = E5DE4B1427CA84DF0060D9BA /* PostsDataManager.swift */; };
		E5DE4B1727CA86450060D9BA /* Enums.swift in Sources */ = {isa = PBXBuildFile; fileRef = E5DE4B1627CA86450060D9BA /* Enums.swift */; };
		E5DE4B1A27CA93CA0060D9BA /* Lottie in Frameworks */ = {isa = PBXBuildFile; productRef = E5DE4B1927CA93CA0060D9BA /* Lottie */; };
		E5DE4B1C27CA94010060D9BA /* AppAnimation.swift in Sources */ = {isa = PBXBuildFile; fileRef = E5DE4B1B27CA94010060D9BA /* AppAnimation.swift */; };
		E5DE4B2027CA95160060D9BA /* empty.json in Resources */ = {isa = PBXBuildFile; fileRef = E5DE4B1F27CA95160060D9BA /* empty.json */; };
		E5DE4B2227CA951A0060D9BA /* error.json in Resources */ = {isa = PBXBuildFile; fileRef = E5DE4B2127CA951A0060D9BA /* error.json */; };
		E5DE4B2427CA951E0060D9BA /* searching.json in Resources */ = {isa = PBXBuildFile; fileRef = E5DE4B2327CA951E0060D9BA /* searching.json */; };
		E5DE4B2827CAA4090060D9BA /* PostTableViewCell.swift in Sources */ = {isa = PBXBuildFile; fileRef = E5DE4B2627CAA4090060D9BA /* PostTableViewCell.swift */; };
		E5DE4B2927CAA4090060D9BA /* PostTableViewCell.xib in Resources */ = {isa = PBXBuildFile; fileRef = E5DE4B2727CAA4090060D9BA /* PostTableViewCell.xib */; };
		E5DE4B2B27CABEF80060D9BA /* CoreDataClient.swift in Sources */ = {isa = PBXBuildFile; fileRef = E5DE4B2A27CABEF80060D9BA /* CoreDataClient.swift */; };
/* End PBXBuildFile section */

/* Begin PBXContainerItemProxy section */
		E54574AC27C81E4700A5AE9D /* PBXContainerItemProxy */ = {
			isa = PBXContainerItemProxy;
			containerPortal = E545748A27C81E4600A5AE9D /* Project object */;
			proxyType = 1;
			remoteGlobalIDString = E545749127C81E4600A5AE9D;
			remoteInfo = PostFeed;
		};
		E54574B627C81E4700A5AE9D /* PBXContainerItemProxy */ = {
			isa = PBXContainerItemProxy;
			containerPortal = E545748A27C81E4600A5AE9D /* Project object */;
			proxyType = 1;
			remoteGlobalIDString = E545749127C81E4600A5AE9D;
			remoteInfo = PostFeed;
		};
/* End PBXContainerItemProxy section */

/* Begin PBXFileReference section */
		E52D4B4927C9210500517F96 /* ServiceLocator.swift */ = {isa = PBXFileReference; lastKnownFileType = sourcecode.swift; path = ServiceLocator.swift; sourceTree = "<group>"; };
		E52D4B4B27C9214F00517F96 /* PostsViewModel.swift */ = {isa = PBXFileReference; lastKnownFileType = sourcecode.swift; path = PostsViewModel.swift; sourceTree = "<group>"; };
		E545749227C81E4600A5AE9D /* PostFeed.app */ = {isa = PBXFileReference; explicitFileType = wrapper.application; includeInIndex = 0; path = PostFeed.app; sourceTree = BUILT_PRODUCTS_DIR; };
		E545749527C81E4600A5AE9D /* AppDelegate.swift */ = {isa = PBXFileReference; lastKnownFileType = sourcecode.swift; path = AppDelegate.swift; sourceTree = "<group>"; };
		E545749727C81E4600A5AE9D /* SceneDelegate.swift */ = {isa = PBXFileReference; lastKnownFileType = sourcecode.swift; path = SceneDelegate.swift; sourceTree = "<group>"; };
		E545749F27C81E4600A5AE9D /* PostFeed.xcdatamodel */ = {isa = PBXFileReference; lastKnownFileType = wrapper.xcdatamodel; path = PostFeed.xcdatamodel; sourceTree = "<group>"; };
		E54574A127C81E4700A5AE9D /* Assets.xcassets */ = {isa = PBXFileReference; lastKnownFileType = folder.assetcatalog; path = Assets.xcassets; sourceTree = "<group>"; };
		E54574A427C81E4700A5AE9D /* Base */ = {isa = PBXFileReference; lastKnownFileType = file.storyboard; name = Base; path = Base.lproj/LaunchScreen.storyboard; sourceTree = "<group>"; };
		E54574A627C81E4700A5AE9D /* Info.plist */ = {isa = PBXFileReference; lastKnownFileType = text.plist.xml; path = Info.plist; sourceTree = "<group>"; };
		E54574AB27C81E4700A5AE9D /* PostFeedTests.xctest */ = {isa = PBXFileReference; explicitFileType = wrapper.cfbundle; includeInIndex = 0; path = PostFeedTests.xctest; sourceTree = BUILT_PRODUCTS_DIR; };
		E54574AF27C81E4700A5AE9D /* PostFeedTests.swift */ = {isa = PBXFileReference; lastKnownFileType = sourcecode.swift; path = PostFeedTests.swift; sourceTree = "<group>"; };
		E54574B527C81E4700A5AE9D /* PostFeedUITests.xctest */ = {isa = PBXFileReference; explicitFileType = wrapper.cfbundle; includeInIndex = 0; path = PostFeedUITests.xctest; sourceTree = BUILT_PRODUCTS_DIR; };
		E54574B927C81E4700A5AE9D /* PostFeedUITests.swift */ = {isa = PBXFileReference; lastKnownFileType = sourcecode.swift; path = PostFeedUITests.swift; sourceTree = "<group>"; };
		E54574BB27C81E4700A5AE9D /* PostFeedUITestsLaunchTests.swift */ = {isa = PBXFileReference; lastKnownFileType = sourcecode.swift; path = PostFeedUITestsLaunchTests.swift; sourceTree = "<group>"; };
		E54574CE27C81F0300A5AE9D /* Builder.swift */ = {isa = PBXFileReference; lastKnownFileType = sourcecode.swift; path = Builder.swift; sourceTree = "<group>"; };
		E54574D027C81F1A00A5AE9D /* Box.swift */ = {isa = PBXFileReference; lastKnownFileType = sourcecode.swift; path = Box.swift; sourceTree = "<group>"; };
		E54574D227C81F4200A5AE9D /* CustomViewController.swift */ = {isa = PBXFileReference; lastKnownFileType = sourcecode.swift; path = CustomViewController.swift; sourceTree = "<group>"; };
		E54574D527C81F8000A5AE9D /* String+Extensions.swift */ = {isa = PBXFileReference; lastKnownFileType = sourcecode.swift; path = "String+Extensions.swift"; sourceTree = "<group>"; };
		E54574D727C81FA000A5AE9D /* UIView+Extensions.swift */ = {isa = PBXFileReference; lastKnownFileType = sourcecode.swift; path = "UIView+Extensions.swift"; sourceTree = "<group>"; };
		E54574D927C8202D00A5AE9D /* Constants.swift */ = {isa = PBXFileReference; lastKnownFileType = sourcecode.swift; path = Constants.swift; sourceTree = "<group>"; };
		E54574DB27C82E9B00A5AE9D /* ApiClient.swift */ = {isa = PBXFileReference; lastKnownFileType = sourcecode.swift; path = ApiClient.swift; sourceTree = "<group>"; };
		E54574DD27C8337B00A5AE9D /* User.swift */ = {isa = PBXFileReference; lastKnownFileType = sourcecode.swift; path = User.swift; sourceTree = "<group>"; };
		E54574DF27C8345C00A5AE9D /* Post.swift */ = {isa = PBXFileReference; lastKnownFileType = sourcecode.swift; path = Post.swift; sourceTree = "<group>"; };
		E54574E127C8349800A5AE9D /* Comment.swift */ = {isa = PBXFileReference; lastKnownFileType = sourcecode.swift; path = Comment.swift; sourceTree = "<group>"; };
		E54574E927C83B1500A5AE9D /* UsersRepository.swift */ = {isa = PBXFileReference; lastKnownFileType = sourcecode.swift; path = UsersRepository.swift; sourceTree = "<group>"; };
		E54574EB27C83C9F00A5AE9D /* PostsRepository.swift */ = {isa = PBXFileReference; lastKnownFileType = sourcecode.swift; path = PostsRepository.swift; sourceTree = "<group>"; };
		E54574EF27C841A000A5AE9D /* PostsViewController.swift */ = {isa = PBXFileReference; lastKnownFileType = sourcecode.swift; path = PostsViewController.swift; sourceTree = "<group>"; };
		E54574F127C841B000A5AE9D /* PostsViewController.xib */ = {isa = PBXFileReference; fileEncoding = 4; lastKnownFileType = file.xib; path = PostsViewController.xib; sourceTree = "<group>"; };
		E5DE4B0A27CA7D1B0060D9BA /* UsersDataManager.swift */ = {isa = PBXFileReference; lastKnownFileType = sourcecode.swift; path = UsersDataManager.swift; sourceTree = "<group>"; };
		E5DE4B0C27CA7DB30060D9BA /* LocalUsersRepository.swift */ = {isa = PBXFileReference; lastKnownFileType = sourcecode.swift; path = LocalUsersRepository.swift; sourceTree = "<group>"; };
		E5DE4B0E27CA7DDD0060D9BA /* NetworkUsersRepository.swift */ = {isa = PBXFileReference; lastKnownFileType = sourcecode.swift; path = NetworkUsersRepository.swift; sourceTree = "<group>"; };
		E5DE4B1027CA80370060D9BA /* NetworkPostsRepository.swift */ = {isa = PBXFileReference; lastKnownFileType = sourcecode.swift; path = NetworkPostsRepository.swift; sourceTree = "<group>"; };
		E5DE4B1227CA81A00060D9BA /* LocalPostsRepository.swift */ = {isa = PBXFileReference; lastKnownFileType = sourcecode.swift; path = LocalPostsRepository.swift; sourceTree = "<group>"; };
		E5DE4B1427CA84DF0060D9BA /* PostsDataManager.swift */ = {isa = PBXFileReference; lastKnownFileType = sourcecode.swift; path = PostsDataManager.swift; sourceTree = "<group>"; };
		E5DE4B1627CA86450060D9BA /* Enums.swift */ = {isa = PBXFileReference; lastKnownFileType = sourcecode.swift; path = Enums.swift; sourceTree = "<group>"; };
		E5DE4B1B27CA94010060D9BA /* AppAnimation.swift */ = {isa = PBXFileReference; lastKnownFileType = sourcecode.swift; path = AppAnimation.swift; sourceTree = "<group>"; };
		E5DE4B1F27CA95160060D9BA /* empty.json */ = {isa = PBXFileReference; fileEncoding = 4; lastKnownFileType = text.json; path = empty.json; sourceTree = "<group>"; };
		E5DE4B2127CA951A0060D9BA /* error.json */ = {isa = PBXFileReference; fileEncoding = 4; lastKnownFileType = text.json; path = error.json; sourceTree = "<group>"; };
		E5DE4B2327CA951E0060D9BA /* searching.json */ = {isa = PBXFileReference; fileEncoding = 4; lastKnownFileType = text.json; path = searching.json; sourceTree = "<group>"; };
		E5DE4B2627CAA4090060D9BA /* PostTableViewCell.swift */ = {isa = PBXFileReference; lastKnownFileType = sourcecode.swift; path = PostTableViewCell.swift; sourceTree = "<group>"; };
		E5DE4B2727CAA4090060D9BA /* PostTableViewCell.xib */ = {isa = PBXFileReference; lastKnownFileType = file.xib; path = PostTableViewCell.xib; sourceTree = "<group>"; };
		E5DE4B2A27CABEF80060D9BA /* CoreDataClient.swift */ = {isa = PBXFileReference; lastKnownFileType = sourcecode.swift; path = CoreDataClient.swift; sourceTree = "<group>"; };
/* End PBXFileReference section */

/* Begin PBXFrameworksBuildPhase section */
		E545748F27C81E4600A5AE9D /* Frameworks */ = {
			isa = PBXFrameworksBuildPhase;
			buildActionMask = 2147483647;
			files = (
				E52D4B4827C920DA00517F96 /* Swinject in Frameworks */,
				E5DE4B1A27CA93CA0060D9BA /* Lottie in Frameworks */,
			);
			runOnlyForDeploymentPostprocessing = 0;
		};
		E54574A827C81E4700A5AE9D /* Frameworks */ = {
			isa = PBXFrameworksBuildPhase;
			buildActionMask = 2147483647;
			files = (
			);
			runOnlyForDeploymentPostprocessing = 0;
		};
		E54574B227C81E4700A5AE9D /* Frameworks */ = {
			isa = PBXFrameworksBuildPhase;
			buildActionMask = 2147483647;
			files = (
			);
			runOnlyForDeploymentPostprocessing = 0;
		};
/* End PBXFrameworksBuildPhase section */

/* Begin PBXGroup section */
		E545748927C81E4600A5AE9D = {
			isa = PBXGroup;
			children = (
				E545749427C81E4600A5AE9D /* PostFeed */,
				E54574AE27C81E4700A5AE9D /* PostFeedTests */,
				E54574B827C81E4700A5AE9D /* PostFeedUITests */,
				E545749327C81E4600A5AE9D /* Products */,
			);
			sourceTree = "<group>";
		};
		E545749327C81E4600A5AE9D /* Products */ = {
			isa = PBXGroup;
			children = (
				E545749227C81E4600A5AE9D /* PostFeed.app */,
				E54574AB27C81E4700A5AE9D /* PostFeedTests.xctest */,
				E54574B527C81E4700A5AE9D /* PostFeedUITests.xctest */,
			);
			name = Products;
			sourceTree = "<group>";
		};
		E545749427C81E4600A5AE9D /* PostFeed */ = {
			isa = PBXGroup;
			children = (
				E5DE4B1D27CA94F50060D9BA /* Resources */,
				E54574C827C81E8900A5AE9D /* Application */,
				E54574E427C8352500A5AE9D /* Data */,
				E54574C927C81EBF00A5AE9D /* Models */,
				E545749E27C81E4600A5AE9D /* PostFeed.xcdatamodeld */,
				E54574E327C8351000A5AE9D /* Presentation */,
				E54574CD27C81EEE00A5AE9D /* Utils */,
			);
			path = PostFeed;
			sourceTree = "<group>";
		};
		E54574AE27C81E4700A5AE9D /* PostFeedTests */ = {
			isa = PBXGroup;
			children = (
				E54574AF27C81E4700A5AE9D /* PostFeedTests.swift */,
			);
			path = PostFeedTests;
			sourceTree = "<group>";
		};
		E54574B827C81E4700A5AE9D /* PostFeedUITests */ = {
			isa = PBXGroup;
			children = (
				E54574B927C81E4700A5AE9D /* PostFeedUITests.swift */,
				E54574BB27C81E4700A5AE9D /* PostFeedUITestsLaunchTests.swift */,
			);
			path = PostFeedUITests;
			sourceTree = "<group>";
		};
		E54574C827C81E8900A5AE9D /* Application */ = {
			isa = PBXGroup;
			children = (
				E545749527C81E4600A5AE9D /* AppDelegate.swift */,
				E545749727C81E4600A5AE9D /* SceneDelegate.swift */,
				E54574A627C81E4700A5AE9D /* Info.plist */,
				E54574A327C81E4700A5AE9D /* LaunchScreen.storyboard */,
				E52D4B4927C9210500517F96 /* ServiceLocator.swift */,
			);
			path = Application;
			sourceTree = "<group>";
		};
		E54574C927C81EBF00A5AE9D /* Models */ = {
			isa = PBXGroup;
			children = (
				E54574DD27C8337B00A5AE9D /* User.swift */,
				E54574DF27C8345C00A5AE9D /* Post.swift */,
				E54574E127C8349800A5AE9D /* Comment.swift */,
				E5DE4B1B27CA94010060D9BA /* AppAnimation.swift */,
			);
			path = Models;
			sourceTree = "<group>";
		};
		E54574CA27C81EC700A5AE9D /* Repositories */ = {
			isa = PBXGroup;
			children = (
				E54574E927C83B1500A5AE9D /* UsersRepository.swift */,
				E54574EB27C83C9F00A5AE9D /* PostsRepository.swift */,
			);
			path = Repositories;
			sourceTree = "<group>";
		};
		E54574CB27C81ECD00A5AE9D /* ViewModels */ = {
			isa = PBXGroup;
			children = (
				E52D4B4B27C9214F00517F96 /* PostsViewModel.swift */,
			);
			path = ViewModels;
			sourceTree = "<group>";
		};
		E54574CC27C81EE400A5AE9D /* UI */ = {
			isa = PBXGroup;
			children = (
				E54574F127C841B000A5AE9D /* PostsViewController.xib */,
				E54574EF27C841A000A5AE9D /* PostsViewController.swift */,
				E5DE4B2627CAA4090060D9BA /* PostTableViewCell.swift */,
				E5DE4B2727CAA4090060D9BA /* PostTableViewCell.xib */,
			);
			path = UI;
			sourceTree = "<group>";
		};
		E54574CD27C81EEE00A5AE9D /* Utils */ = {
			isa = PBXGroup;
			children = (
				E54574D427C81F7000A5AE9D /* Extensions */,
				E54574CE27C81F0300A5AE9D /* Builder.swift */,
				E54574D027C81F1A00A5AE9D /* Box.swift */,
				E54574D227C81F4200A5AE9D /* CustomViewController.swift */,
				E54574D927C8202D00A5AE9D /* Constants.swift */,
				E5DE4B1627CA86450060D9BA /* Enums.swift */,
			);
			path = Utils;
			sourceTree = "<group>";
		};
		E54574D427C81F7000A5AE9D /* Extensions */ = {
			isa = PBXGroup;
			children = (
				E54574D527C81F8000A5AE9D /* String+Extensions.swift */,
				E54574D727C81FA000A5AE9D /* UIView+Extensions.swift */,
			);
			path = Extensions;
			sourceTree = "<group>";
		};
		E54574E327C8351000A5AE9D /* Presentation */ = {
			isa = PBXGroup;
			children = (
				E54574CB27C81ECD00A5AE9D /* ViewModels */,
				E54574CC27C81EE400A5AE9D /* UI */,
			);
			path = Presentation;
			sourceTree = "<group>";
		};
		E54574E427C8352500A5AE9D /* Data */ = {
			isa = PBXGroup;
			children = (
				E5DE4B0927CA7CFA0060D9BA /* Managers */,
				E54574E627C8354200A5AE9D /* Persistence */,
				E54574E527C8353A00A5AE9D /* Network */,
				E54574CA27C81EC700A5AE9D /* Repositories */,
			);
			path = Data;
			sourceTree = "<group>";
		};
		E54574E527C8353A00A5AE9D /* Network */ = {
			isa = PBXGroup;
			children = (
				E54574DB27C82E9B00A5AE9D /* ApiClient.swift */,
				E5DE4B0E27CA7DDD0060D9BA /* NetworkUsersRepository.swift */,
				E5DE4B1027CA80370060D9BA /* NetworkPostsRepository.swift */,
			);
			path = Network;
			sourceTree = "<group>";
		};
		E54574E627C8354200A5AE9D /* Persistence */ = {
			isa = PBXGroup;
			children = (
				E5DE4B0C27CA7DB30060D9BA /* LocalUsersRepository.swift */,
				E5DE4B1227CA81A00060D9BA /* LocalPostsRepository.swift */,
				E5DE4B2A27CABEF80060D9BA /* CoreDataClient.swift */,
			);
			path = Persistence;
			sourceTree = "<group>";
		};
		E5DE4B0927CA7CFA0060D9BA /* Managers */ = {
			isa = PBXGroup;
			children = (
				E5DE4B0A27CA7D1B0060D9BA /* UsersDataManager.swift */,
				E5DE4B1427CA84DF0060D9BA /* PostsDataManager.swift */,
			);
			path = Managers;
			sourceTree = "<group>";
		};
		E5DE4B1D27CA94F50060D9BA /* Resources */ = {
			isa = PBXGroup;
			children = (
				E5DE4B1E27CA95040060D9BA /* Animations */,
				E54574A127C81E4700A5AE9D /* Assets.xcassets */,
			);
			path = Resources;
			sourceTree = "<group>";
		};
		E5DE4B1E27CA95040060D9BA /* Animations */ = {
			isa = PBXGroup;
			children = (
				E5DE4B2327CA951E0060D9BA /* searching.json */,
				E5DE4B2127CA951A0060D9BA /* error.json */,
				E5DE4B1F27CA95160060D9BA /* empty.json */,
			);
			path = Animations;
			sourceTree = "<group>";
		};
/* End PBXGroup section */

/* Begin PBXNativeTarget section */
		E545749127C81E4600A5AE9D /* PostFeed */ = {
			isa = PBXNativeTarget;
			buildConfigurationList = E54574BF27C81E4700A5AE9D /* Build configuration list for PBXNativeTarget "PostFeed" */;
			buildPhases = (
				E545748E27C81E4600A5AE9D /* Sources */,
				E545748F27C81E4600A5AE9D /* Frameworks */,
				E545749027C81E4600A5AE9D /* Resources */,
				E5DE4B2527CA97320060D9BA /* Swiftlint */,
			);
			buildRules = (
			);
			dependencies = (
			);
			name = PostFeed;
			packageProductDependencies = (
				E52D4B4727C920DA00517F96 /* Swinject */,
				E5DE4B1927CA93CA0060D9BA /* Lottie */,
			);
			productName = PostFeed;
			productReference = E545749227C81E4600A5AE9D /* PostFeed.app */;
			productType = "com.apple.product-type.application";
		};
		E54574AA27C81E4700A5AE9D /* PostFeedTests */ = {
			isa = PBXNativeTarget;
			buildConfigurationList = E54574C227C81E4700A5AE9D /* Build configuration list for PBXNativeTarget "PostFeedTests" */;
			buildPhases = (
				E54574A727C81E4700A5AE9D /* Sources */,
				E54574A827C81E4700A5AE9D /* Frameworks */,
				E54574A927C81E4700A5AE9D /* Resources */,
			);
			buildRules = (
			);
			dependencies = (
				E54574AD27C81E4700A5AE9D /* PBXTargetDependency */,
			);
			name = PostFeedTests;
			productName = PostFeedTests;
			productReference = E54574AB27C81E4700A5AE9D /* PostFeedTests.xctest */;
			productType = "com.apple.product-type.bundle.unit-test";
		};
		E54574B427C81E4700A5AE9D /* PostFeedUITests */ = {
			isa = PBXNativeTarget;
			buildConfigurationList = E54574C527C81E4700A5AE9D /* Build configuration list for PBXNativeTarget "PostFeedUITests" */;
			buildPhases = (
				E54574B127C81E4700A5AE9D /* Sources */,
				E54574B227C81E4700A5AE9D /* Frameworks */,
				E54574B327C81E4700A5AE9D /* Resources */,
			);
			buildRules = (
			);
			dependencies = (
				E54574B727C81E4700A5AE9D /* PBXTargetDependency */,
			);
			name = PostFeedUITests;
			productName = PostFeedUITests;
			productReference = E54574B527C81E4700A5AE9D /* PostFeedUITests.xctest */;
			productType = "com.apple.product-type.bundle.ui-testing";
		};
/* End PBXNativeTarget section */

/* Begin PBXProject section */
		E545748A27C81E4600A5AE9D /* Project object */ = {
			isa = PBXProject;
			attributes = {
				BuildIndependentTargetsInParallel = 1;
				LastSwiftUpdateCheck = 1300;
				LastUpgradeCheck = 1300;
				TargetAttributes = {
					E545749127C81E4600A5AE9D = {
						CreatedOnToolsVersion = 13.0;
					};
					E54574AA27C81E4700A5AE9D = {
						CreatedOnToolsVersion = 13.0;
						TestTargetID = E545749127C81E4600A5AE9D;
					};
					E54574B427C81E4700A5AE9D = {
						CreatedOnToolsVersion = 13.0;
						TestTargetID = E545749127C81E4600A5AE9D;
					};
				};
			};
			buildConfigurationList = E545748D27C81E4600A5AE9D /* Build configuration list for PBXProject "PostFeed" */;
			compatibilityVersion = "Xcode 13.0";
			developmentRegion = en;
			hasScannedForEncodings = 0;
			knownRegions = (
				en,
				Base,
			);
			mainGroup = E545748927C81E4600A5AE9D;
			packageReferences = (
				E52D4B4627C920DA00517F96 /* XCRemoteSwiftPackageReference "Swinject" */,
				E5DE4B1827CA93CA0060D9BA /* XCRemoteSwiftPackageReference "lottie-ios" */,
			);
			productRefGroup = E545749327C81E4600A5AE9D /* Products */;
			projectDirPath = "";
			projectRoot = "";
			targets = (
				E545749127C81E4600A5AE9D /* PostFeed */,
				E54574AA27C81E4700A5AE9D /* PostFeedTests */,
				E54574B427C81E4700A5AE9D /* PostFeedUITests */,
			);
		};
/* End PBXProject section */

/* Begin PBXResourcesBuildPhase section */
		E545749027C81E4600A5AE9D /* Resources */ = {
			isa = PBXResourcesBuildPhase;
			buildActionMask = 2147483647;
			files = (
				E5DE4B2227CA951A0060D9BA /* error.json in Resources */,
				E54574A527C81E4700A5AE9D /* LaunchScreen.storyboard in Resources */,
				E5DE4B2027CA95160060D9BA /* empty.json in Resources */,
				E54574A227C81E4700A5AE9D /* Assets.xcassets in Resources */,
				E5DE4B2927CAA4090060D9BA /* PostTableViewCell.xib in Resources */,
				E5DE4B2427CA951E0060D9BA /* searching.json in Resources */,
				E54574F227C841B000A5AE9D /* PostsViewController.xib in Resources */,
			);
			runOnlyForDeploymentPostprocessing = 0;
		};
		E54574A927C81E4700A5AE9D /* Resources */ = {
			isa = PBXResourcesBuildPhase;
			buildActionMask = 2147483647;
			files = (
			);
			runOnlyForDeploymentPostprocessing = 0;
		};
		E54574B327C81E4700A5AE9D /* Resources */ = {
			isa = PBXResourcesBuildPhase;
			buildActionMask = 2147483647;
			files = (
			);
			runOnlyForDeploymentPostprocessing = 0;
		};
/* End PBXResourcesBuildPhase section */

/* Begin PBXShellScriptBuildPhase section */
		E5DE4B2527CA97320060D9BA /* Swiftlint */ = {
			isa = PBXShellScriptBuildPhase;
			buildActionMask = 2147483647;
			files = (
			);
			inputFileListPaths = (
			);
			inputPaths = (
			);
			name = Swiftlint;
			outputFileListPaths = (
			);
			outputPaths = (
			);
			runOnlyForDeploymentPostprocessing = 0;
			shellPath = /bin/sh;
			shellScript = "if which swiftlint >/dev/null; then\n  swiftlint\nelse\n  echo \"warning: SwiftLint not installed, download from https://github.com/realm/SwiftLint\"\nfi\n";
		};
/* End PBXShellScriptBuildPhase section */

/* Begin PBXSourcesBuildPhase section */
		E545748E27C81E4600A5AE9D /* Sources */ = {
			isa = PBXSourcesBuildPhase;
			buildActionMask = 2147483647;
			files = (
				E52D4B4A27C9210500517F96 /* ServiceLocator.swift in Sources */,
				E545749627C81E4600A5AE9D /* AppDelegate.swift in Sources */,
				E5DE4B1527CA84DF0060D9BA /* PostsDataManager.swift in Sources */,
				E54574D627C81F8000A5AE9D /* String+Extensions.swift in Sources */,
				E54574F027C841A000A5AE9D /* PostsViewController.swift in Sources */,
				E5DE4B0B27CA7D1B0060D9BA /* UsersDataManager.swift in Sources */,
				E5DE4B1C27CA94010060D9BA /* AppAnimation.swift in Sources */,
				E5DE4B2827CAA4090060D9BA /* PostTableViewCell.swift in Sources */,
				E5DE4B0F27CA7DDD0060D9BA /* NetworkUsersRepository.swift in Sources */,
				E545749827C81E4600A5AE9D /* SceneDelegate.swift in Sources */,
				E54574E027C8345C00A5AE9D /* Post.swift in Sources */,
				E54574A027C81E4600A5AE9D /* PostFeed.xcdatamodeld in Sources */,
				E54574D327C81F4200A5AE9D /* CustomViewController.swift in Sources */,
				E54574CF27C81F0300A5AE9D /* Builder.swift in Sources */,
				E54574D827C81FA000A5AE9D /* UIView+Extensions.swift in Sources */,
				E54574E227C8349800A5AE9D /* Comment.swift in Sources */,
				E54574EC27C83C9F00A5AE9D /* PostsRepository.swift in Sources */,
				E5DE4B1127CA80370060D9BA /* NetworkPostsRepository.swift in Sources */,
				E5DE4B2B27CABEF80060D9BA /* CoreDataClient.swift in Sources */,
				E54574D127C81F1A00A5AE9D /* Box.swift in Sources */,
				E5DE4B1327CA81A00060D9BA /* LocalPostsRepository.swift in Sources */,
				E54574DA27C8202D00A5AE9D /* Constants.swift in Sources */,
				E5DE4B1727CA86450060D9BA /* Enums.swift in Sources */,
				E5DE4B0D27CA7DB30060D9BA /* LocalUsersRepository.swift in Sources */,
				E54574DC27C82E9B00A5AE9D /* ApiClient.swift in Sources */,
				E54574EA27C83B1500A5AE9D /* UsersRepository.swift in Sources */,
				E54574DE27C8337B00A5AE9D /* User.swift in Sources */,
				E52D4B4C27C9214F00517F96 /* PostsViewModel.swift in Sources */,
			);
			runOnlyForDeploymentPostprocessing = 0;
		};
		E54574A727C81E4700A5AE9D /* Sources */ = {
			isa = PBXSourcesBuildPhase;
			buildActionMask = 2147483647;
			files = (
				E54574B027C81E4700A5AE9D /* PostFeedTests.swift in Sources */,
			);
			runOnlyForDeploymentPostprocessing = 0;
		};
		E54574B127C81E4700A5AE9D /* Sources */ = {
			isa = PBXSourcesBuildPhase;
			buildActionMask = 2147483647;
			files = (
				E54574BC27C81E4700A5AE9D /* PostFeedUITestsLaunchTests.swift in Sources */,
				E54574BA27C81E4700A5AE9D /* PostFeedUITests.swift in Sources */,
			);
			runOnlyForDeploymentPostprocessing = 0;
		};
/* End PBXSourcesBuildPhase section */

/* Begin PBXTargetDependency section */
		E54574AD27C81E4700A5AE9D /* PBXTargetDependency */ = {
			isa = PBXTargetDependency;
			target = E545749127C81E4600A5AE9D /* PostFeed */;
			targetProxy = E54574AC27C81E4700A5AE9D /* PBXContainerItemProxy */;
		};
		E54574B727C81E4700A5AE9D /* PBXTargetDependency */ = {
			isa = PBXTargetDependency;
			target = E545749127C81E4600A5AE9D /* PostFeed */;
			targetProxy = E54574B627C81E4700A5AE9D /* PBXContainerItemProxy */;
		};
/* End PBXTargetDependency section */

/* Begin PBXVariantGroup section */
		E54574A327C81E4700A5AE9D /* LaunchScreen.storyboard */ = {
			isa = PBXVariantGroup;
			children = (
				E54574A427C81E4700A5AE9D /* Base */,
			);
			name = LaunchScreen.storyboard;
			sourceTree = "<group>";
		};
/* End PBXVariantGroup section */

/* Begin XCBuildConfiguration section */
		E54574BD27C81E4700A5AE9D /* Debug */ = {
			isa = XCBuildConfiguration;
			buildSettings = {
				ALWAYS_SEARCH_USER_PATHS = NO;
				CLANG_ANALYZER_NONNULL = YES;
				CLANG_ANALYZER_NUMBER_OBJECT_CONVERSION = YES_AGGRESSIVE;
				CLANG_CXX_LANGUAGE_STANDARD = "gnu++17";
				CLANG_CXX_LIBRARY = "libc++";
				CLANG_ENABLE_MODULES = YES;
				CLANG_ENABLE_OBJC_ARC = YES;
				CLANG_ENABLE_OBJC_WEAK = YES;
				CLANG_WARN_BLOCK_CAPTURE_AUTORELEASING = YES;
				CLANG_WARN_BOOL_CONVERSION = YES;
				CLANG_WARN_COMMA = YES;
				CLANG_WARN_CONSTANT_CONVERSION = YES;
				CLANG_WARN_DEPRECATED_OBJC_IMPLEMENTATIONS = YES;
				CLANG_WARN_DIRECT_OBJC_ISA_USAGE = YES_ERROR;
				CLANG_WARN_DOCUMENTATION_COMMENTS = YES;
				CLANG_WARN_EMPTY_BODY = YES;
				CLANG_WARN_ENUM_CONVERSION = YES;
				CLANG_WARN_INFINITE_RECURSION = YES;
				CLANG_WARN_INT_CONVERSION = YES;
				CLANG_WARN_NON_LITERAL_NULL_CONVERSION = YES;
				CLANG_WARN_OBJC_IMPLICIT_RETAIN_SELF = YES;
				CLANG_WARN_OBJC_LITERAL_CONVERSION = YES;
				CLANG_WARN_OBJC_ROOT_CLASS = YES_ERROR;
				CLANG_WARN_QUOTED_INCLUDE_IN_FRAMEWORK_HEADER = YES;
				CLANG_WARN_RANGE_LOOP_ANALYSIS = YES;
				CLANG_WARN_STRICT_PROTOTYPES = YES;
				CLANG_WARN_SUSPICIOUS_MOVE = YES;
				CLANG_WARN_UNGUARDED_AVAILABILITY = YES_AGGRESSIVE;
				CLANG_WARN_UNREACHABLE_CODE = YES;
				CLANG_WARN__DUPLICATE_METHOD_MATCH = YES;
				COPY_PHASE_STRIP = NO;
				DEBUG_INFORMATION_FORMAT = dwarf;
				ENABLE_STRICT_OBJC_MSGSEND = YES;
				ENABLE_TESTABILITY = YES;
				GCC_C_LANGUAGE_STANDARD = gnu11;
				GCC_DYNAMIC_NO_PIC = NO;
				GCC_NO_COMMON_BLOCKS = YES;
				GCC_OPTIMIZATION_LEVEL = 0;
				GCC_PREPROCESSOR_DEFINITIONS = (
					"DEBUG=1",
					"$(inherited)",
				);
				GCC_WARN_64_TO_32_BIT_CONVERSION = YES;
				GCC_WARN_ABOUT_RETURN_TYPE = YES_ERROR;
				GCC_WARN_UNDECLARED_SELECTOR = YES;
				GCC_WARN_UNINITIALIZED_AUTOS = YES_AGGRESSIVE;
				GCC_WARN_UNUSED_FUNCTION = YES;
				GCC_WARN_UNUSED_VARIABLE = YES;
				IPHONEOS_DEPLOYMENT_TARGET = 15.0;
				MTL_ENABLE_DEBUG_INFO = INCLUDE_SOURCE;
				MTL_FAST_MATH = YES;
				ONLY_ACTIVE_ARCH = YES;
				SDKROOT = iphoneos;
				SWIFT_ACTIVE_COMPILATION_CONDITIONS = DEBUG;
				SWIFT_OPTIMIZATION_LEVEL = "-Onone";
			};
			name = Debug;
		};
		E54574BE27C81E4700A5AE9D /* Release */ = {
			isa = XCBuildConfiguration;
			buildSettings = {
				ALWAYS_SEARCH_USER_PATHS = NO;
				CLANG_ANALYZER_NONNULL = YES;
				CLANG_ANALYZER_NUMBER_OBJECT_CONVERSION = YES_AGGRESSIVE;
				CLANG_CXX_LANGUAGE_STANDARD = "gnu++17";
				CLANG_CXX_LIBRARY = "libc++";
				CLANG_ENABLE_MODULES = YES;
				CLANG_ENABLE_OBJC_ARC = YES;
				CLANG_ENABLE_OBJC_WEAK = YES;
				CLANG_WARN_BLOCK_CAPTURE_AUTORELEASING = YES;
				CLANG_WARN_BOOL_CONVERSION = YES;
				CLANG_WARN_COMMA = YES;
				CLANG_WARN_CONSTANT_CONVERSION = YES;
				CLANG_WARN_DEPRECATED_OBJC_IMPLEMENTATIONS = YES;
				CLANG_WARN_DIRECT_OBJC_ISA_USAGE = YES_ERROR;
				CLANG_WARN_DOCUMENTATION_COMMENTS = YES;
				CLANG_WARN_EMPTY_BODY = YES;
				CLANG_WARN_ENUM_CONVERSION = YES;
				CLANG_WARN_INFINITE_RECURSION = YES;
				CLANG_WARN_INT_CONVERSION = YES;
				CLANG_WARN_NON_LITERAL_NULL_CONVERSION = YES;
				CLANG_WARN_OBJC_IMPLICIT_RETAIN_SELF = YES;
				CLANG_WARN_OBJC_LITERAL_CONVERSION = YES;
				CLANG_WARN_OBJC_ROOT_CLASS = YES_ERROR;
				CLANG_WARN_QUOTED_INCLUDE_IN_FRAMEWORK_HEADER = YES;
				CLANG_WARN_RANGE_LOOP_ANALYSIS = YES;
				CLANG_WARN_STRICT_PROTOTYPES = YES;
				CLANG_WARN_SUSPICIOUS_MOVE = YES;
				CLANG_WARN_UNGUARDED_AVAILABILITY = YES_AGGRESSIVE;
				CLANG_WARN_UNREACHABLE_CODE = YES;
				CLANG_WARN__DUPLICATE_METHOD_MATCH = YES;
				COPY_PHASE_STRIP = NO;
				DEBUG_INFORMATION_FORMAT = "dwarf-with-dsym";
				ENABLE_NS_ASSERTIONS = NO;
				ENABLE_STRICT_OBJC_MSGSEND = YES;
				GCC_C_LANGUAGE_STANDARD = gnu11;
				GCC_NO_COMMON_BLOCKS = YES;
				GCC_WARN_64_TO_32_BIT_CONVERSION = YES;
				GCC_WARN_ABOUT_RETURN_TYPE = YES_ERROR;
				GCC_WARN_UNDECLARED_SELECTOR = YES;
				GCC_WARN_UNINITIALIZED_AUTOS = YES_AGGRESSIVE;
				GCC_WARN_UNUSED_FUNCTION = YES;
				GCC_WARN_UNUSED_VARIABLE = YES;
				IPHONEOS_DEPLOYMENT_TARGET = 15.0;
				MTL_ENABLE_DEBUG_INFO = NO;
				MTL_FAST_MATH = YES;
				SDKROOT = iphoneos;
				SWIFT_COMPILATION_MODE = wholemodule;
				SWIFT_OPTIMIZATION_LEVEL = "-O";
				VALIDATE_PRODUCT = YES;
			};
			name = Release;
		};
		E54574C027C81E4700A5AE9D /* Debug */ = {
			isa = XCBuildConfiguration;
			buildSettings = {
				ASSETCATALOG_COMPILER_APPICON_NAME = AppIcon;
				ASSETCATALOG_COMPILER_GLOBAL_ACCENT_COLOR_NAME = AccentColor;
				CODE_SIGN_STYLE = Automatic;
				CURRENT_PROJECT_VERSION = 1;
				DEVELOPMENT_TEAM = KL5CTQ2N5S;
				GENERATE_INFOPLIST_FILE = YES;
				INFOPLIST_FILE = PostFeed/Application/Info.plist;
				INFOPLIST_KEY_CFBundleDisplayName = "Post Feed";
				INFOPLIST_KEY_UIApplicationSupportsIndirectInputEvents = YES;
				INFOPLIST_KEY_UILaunchStoryboardName = LaunchScreen;
				INFOPLIST_KEY_UISupportedInterfaceOrientations_iPad = "UIInterfaceOrientationPortrait UIInterfaceOrientationPortraitUpsideDown UIInterfaceOrientationLandscapeLeft UIInterfaceOrientationLandscapeRight";
				INFOPLIST_KEY_UISupportedInterfaceOrientations_iPhone = "UIInterfaceOrientationPortrait UIInterfaceOrientationLandscapeLeft UIInterfaceOrientationLandscapeRight";
				IPHONEOS_DEPLOYMENT_TARGET = 14.0;
				LD_RUNPATH_SEARCH_PATHS = (
					"$(inherited)",
					"@executable_path/Frameworks",
				);
				MARKETING_VERSION = 1.0;
				PRODUCT_BUNDLE_IDENTIFIER = dev.andresrojas.PostFeed;
				PRODUCT_NAME = "$(TARGET_NAME)";
				SWIFT_EMIT_LOC_STRINGS = YES;
				SWIFT_VERSION = 5.0;
				TARGETED_DEVICE_FAMILY = "1,2";
			};
			name = Debug;
		};
		E54574C127C81E4700A5AE9D /* Release */ = {
			isa = XCBuildConfiguration;
			buildSettings = {
				ASSETCATALOG_COMPILER_APPICON_NAME = AppIcon;
				ASSETCATALOG_COMPILER_GLOBAL_ACCENT_COLOR_NAME = AccentColor;
				CODE_SIGN_STYLE = Automatic;
				CURRENT_PROJECT_VERSION = 1;
				DEVELOPMENT_TEAM = KL5CTQ2N5S;
				GENERATE_INFOPLIST_FILE = YES;
				INFOPLIST_FILE = PostFeed/Application/Info.plist;
				INFOPLIST_KEY_CFBundleDisplayName = "Post Feed";
				INFOPLIST_KEY_UIApplicationSupportsIndirectInputEvents = YES;
				INFOPLIST_KEY_UILaunchStoryboardName = LaunchScreen;
				INFOPLIST_KEY_UISupportedInterfaceOrientations_iPad = "UIInterfaceOrientationPortrait UIInterfaceOrientationPortraitUpsideDown UIInterfaceOrientationLandscapeLeft UIInterfaceOrientationLandscapeRight";
				INFOPLIST_KEY_UISupportedInterfaceOrientations_iPhone = "UIInterfaceOrientationPortrait UIInterfaceOrientationLandscapeLeft UIInterfaceOrientationLandscapeRight";
				IPHONEOS_DEPLOYMENT_TARGET = 14.0;
				LD_RUNPATH_SEARCH_PATHS = (
					"$(inherited)",
					"@executable_path/Frameworks",
				);
				MARKETING_VERSION = 1.0;
				PRODUCT_BUNDLE_IDENTIFIER = dev.andresrojas.PostFeed;
				PRODUCT_NAME = "$(TARGET_NAME)";
				SWIFT_EMIT_LOC_STRINGS = YES;
				SWIFT_VERSION = 5.0;
				TARGETED_DEVICE_FAMILY = "1,2";
			};
			name = Release;
		};
		E54574C327C81E4700A5AE9D /* Debug */ = {
			isa = XCBuildConfiguration;
			buildSettings = {
				ALWAYS_EMBED_SWIFT_STANDARD_LIBRARIES = YES;
				BUNDLE_LOADER = "$(TEST_HOST)";
				CODE_SIGN_STYLE = Automatic;
				CURRENT_PROJECT_VERSION = 1;
				DEVELOPMENT_TEAM = KL5CTQ2N5S;
				GENERATE_INFOPLIST_FILE = YES;
				IPHONEOS_DEPLOYMENT_TARGET = 15.0;
				LD_RUNPATH_SEARCH_PATHS = (
					"$(inherited)",
					"@executable_path/Frameworks",
					"@loader_path/Frameworks",
				);
				MARKETING_VERSION = 1.0;
				PRODUCT_BUNDLE_IDENTIFIER = dev.andresrojas.PostFeedTests;
				PRODUCT_NAME = "$(TARGET_NAME)";
				SWIFT_EMIT_LOC_STRINGS = NO;
				SWIFT_VERSION = 5.0;
				TARGETED_DEVICE_FAMILY = "1,2";
				TEST_HOST = "$(BUILT_PRODUCTS_DIR)/PostFeed.app/PostFeed";
			};
			name = Debug;
		};
		E54574C427C81E4700A5AE9D /* Release */ = {
			isa = XCBuildConfiguration;
			buildSettings = {
				ALWAYS_EMBED_SWIFT_STANDARD_LIBRARIES = YES;
				BUNDLE_LOADER = "$(TEST_HOST)";
				CODE_SIGN_STYLE = Automatic;
				CURRENT_PROJECT_VERSION = 1;
				DEVELOPMENT_TEAM = KL5CTQ2N5S;
				GENERATE_INFOPLIST_FILE = YES;
				IPHONEOS_DEPLOYMENT_TARGET = 15.0;
				LD_RUNPATH_SEARCH_PATHS = (
					"$(inherited)",
					"@executable_path/Frameworks",
					"@loader_path/Frameworks",
				);
				MARKETING_VERSION = 1.0;
				PRODUCT_BUNDLE_IDENTIFIER = dev.andresrojas.PostFeedTests;
				PRODUCT_NAME = "$(TARGET_NAME)";
				SWIFT_EMIT_LOC_STRINGS = NO;
				SWIFT_VERSION = 5.0;
				TARGETED_DEVICE_FAMILY = "1,2";
				TEST_HOST = "$(BUILT_PRODUCTS_DIR)/PostFeed.app/PostFeed";
			};
			name = Release;
		};
		E54574C627C81E4700A5AE9D /* Debug */ = {
			isa = XCBuildConfiguration;
			buildSettings = {
				ALWAYS_EMBED_SWIFT_STANDARD_LIBRARIES = YES;
				CODE_SIGN_STYLE = Automatic;
				CURRENT_PROJECT_VERSION = 1;
				DEVELOPMENT_TEAM = KL5CTQ2N5S;
				GENERATE_INFOPLIST_FILE = YES;
				LD_RUNPATH_SEARCH_PATHS = (
					"$(inherited)",
					"@executable_path/Frameworks",
					"@loader_path/Frameworks",
				);
				MARKETING_VERSION = 1.0;
				PRODUCT_BUNDLE_IDENTIFIER = dev.andresrojas.PostFeedUITests;
				PRODUCT_NAME = "$(TARGET_NAME)";
				SWIFT_EMIT_LOC_STRINGS = NO;
				SWIFT_VERSION = 5.0;
				TARGETED_DEVICE_FAMILY = "1,2";
				TEST_TARGET_NAME = PostFeed;
			};
			name = Debug;
		};
		E54574C727C81E4700A5AE9D /* Release */ = {
			isa = XCBuildConfiguration;
			buildSettings = {
				ALWAYS_EMBED_SWIFT_STANDARD_LIBRARIES = YES;
				CODE_SIGN_STYLE = Automatic;
				CURRENT_PROJECT_VERSION = 1;
				DEVELOPMENT_TEAM = KL5CTQ2N5S;
				GENERATE_INFOPLIST_FILE = YES;
				LD_RUNPATH_SEARCH_PATHS = (
					"$(inherited)",
					"@executable_path/Frameworks",
					"@loader_path/Frameworks",
				);
				MARKETING_VERSION = 1.0;
				PRODUCT_BUNDLE_IDENTIFIER = dev.andresrojas.PostFeedUITests;
				PRODUCT_NAME = "$(TARGET_NAME)";
				SWIFT_EMIT_LOC_STRINGS = NO;
				SWIFT_VERSION = 5.0;
				TARGETED_DEVICE_FAMILY = "1,2";
				TEST_TARGET_NAME = PostFeed;
			};
			name = Release;
		};
/* End XCBuildConfiguration section */

/* Begin XCConfigurationList section */
		E545748D27C81E4600A5AE9D /* Build configuration list for PBXProject "PostFeed" */ = {
			isa = XCConfigurationList;
			buildConfigurations = (
				E54574BD27C81E4700A5AE9D /* Debug */,
				E54574BE27C81E4700A5AE9D /* Release */,
			);
			defaultConfigurationIsVisible = 0;
			defaultConfigurationName = Release;
		};
		E54574BF27C81E4700A5AE9D /* Build configuration list for PBXNativeTarget "PostFeed" */ = {
			isa = XCConfigurationList;
			buildConfigurations = (
				E54574C027C81E4700A5AE9D /* Debug */,
				E54574C127C81E4700A5AE9D /* Release */,
			);
			defaultConfigurationIsVisible = 0;
			defaultConfigurationName = Release;
		};
		E54574C227C81E4700A5AE9D /* Build configuration list for PBXNativeTarget "PostFeedTests" */ = {
			isa = XCConfigurationList;
			buildConfigurations = (
				E54574C327C81E4700A5AE9D /* Debug */,
				E54574C427C81E4700A5AE9D /* Release */,
			);
			defaultConfigurationIsVisible = 0;
			defaultConfigurationName = Release;
		};
		E54574C527C81E4700A5AE9D /* Build configuration list for PBXNativeTarget "PostFeedUITests" */ = {
			isa = XCConfigurationList;
			buildConfigurations = (
				E54574C627C81E4700A5AE9D /* Debug */,
				E54574C727C81E4700A5AE9D /* Release */,
			);
			defaultConfigurationIsVisible = 0;
			defaultConfigurationName = Release;
		};
/* End XCConfigurationList section */

/* Begin XCRemoteSwiftPackageReference section */
		E52D4B4627C920DA00517F96 /* XCRemoteSwiftPackageReference "Swinject" */ = {
			isa = XCRemoteSwiftPackageReference;
			repositoryURL = "https://github.com/Swinject/Swinject.git";
			requirement = {
				kind = upToNextMajorVersion;
				minimumVersion = 2.0.0;
			};
		};
		E5DE4B1827CA93CA0060D9BA /* XCRemoteSwiftPackageReference "lottie-ios" */ = {
			isa = XCRemoteSwiftPackageReference;
			repositoryURL = "https://github.com/airbnb/lottie-ios.git";
			requirement = {
				kind = upToNextMajorVersion;
				minimumVersion = 3.0.0;
			};
		};
/* End XCRemoteSwiftPackageReference section */

/* Begin XCSwiftPackageProductDependency section */
		E52D4B4727C920DA00517F96 /* Swinject */ = {
			isa = XCSwiftPackageProductDependency;
			package = E52D4B4627C920DA00517F96 /* XCRemoteSwiftPackageReference "Swinject" */;
			productName = Swinject;
		};
		E5DE4B1927CA93CA0060D9BA /* Lottie */ = {
			isa = XCSwiftPackageProductDependency;
			package = E5DE4B1827CA93CA0060D9BA /* XCRemoteSwiftPackageReference "lottie-ios" */;
			productName = Lottie;
		};
/* End XCSwiftPackageProductDependency section */

/* Begin XCVersionGroup section */
		E545749E27C81E4600A5AE9D /* PostFeed.xcdatamodeld */ = {
			isa = XCVersionGroup;
			children = (
				E545749F27C81E4600A5AE9D /* PostFeed.xcdatamodel */,
			);
			currentVersion = E545749F27C81E4600A5AE9D /* PostFeed.xcdatamodel */;
			path = PostFeed.xcdatamodeld;
			sourceTree = "<group>";
			versionGroupType = wrapper.xcdatamodel;
		};
/* End XCVersionGroup section */
	};
	rootObject = E545748A27C81E4600A5AE9D /* Project object */;
}
